
Microsoft Visual Studio Solution File, Format Version 12.00
# Visual Studio Version 16
VisualStudioVersion = 16.0.32106.194
MinimumVisualStudioVersion = 10.0.40219.1
Project("{F184B08F-C81C-45F6-A57F-5ABD9991F28F}") = "controlprestamos", "controlprestamos\controlprestamos.vbproj", "{D2191808-39CB-4D42-BD0B-5F7F93C36E54}"
EndProject
Global
	GlobalSection(SolutionConfigurationPlatforms) = preSolution
		Debug|Any CPU = Debug|Any CPU
		Release|Any CPU = Release|Any CPU
	EndGlobalSection
	GlobalSection(ProjectConfigurationPlatforms) = postSolution
		{D2191808-39CB-4D42-BD0B-5F7F93C36E54}.Debug|Any CPU.ActiveCfg = Debug|Any CPU
		{D2191808-39CB-4D42-BD0B-5F7F93C36E54}.Debug|Any CPU.Build.0 = Debug|Any CPU
		{D2191808-39CB-4D42-BD0B-5F7F93C36E54}.Release|Any CPU.ActiveCfg = Release|Any CPU
		{D2191808-39CB-4D42-BD0B-5F7F93C36E54}.Release|Any CPU.Build.0 = Release|Any CPU
	EndGlobalSection
	GlobalSection(SolutionProperties) = preSolution
		HideSolutionNode = FALSE
	EndGlobalSection
	GlobalSection(ExtensibilityGlobals) = postSolution
		SolutionGuid = {8D3C14EF-468B-432D-BED7-E32E1C0D0FD9}
	EndGlobalSection
EndGlobal
